{
  "name": "@pedidopago/redis-reliable-queue",
  "version": "1.0.0",
  "lockfileVersion": 2,
  "requires": true,
  "packages": {
    "": {
      "name": "@pedidopago/redis-reliable-queue",
      "version": "1.0.0",
      "license": "MIT",
      "dependencies": {
        "@types/redis": "^4.0.11",
        "handy-redis": "^2.3.1",
        "redis": "^3.1.2"
      },
      "devDependencies": {
        "typescript": "^4.5.4"
      }
    },
    "node_modules/@types/node": {
      "version": "17.0.8",
      "resolved": "https://npm.k8s.pedidopago.com.br/@types%2fnode/-/node-17.0.8.tgz",
      "integrity": "sha512-YofkM6fGv4gDJq78g4j0mMuGMkZVxZDgtU0JRdx6FgiJDG+0fY0GKVolOV8WqVmEhLCXkQRjwDdKyPxJp/uucg==",
      "license": "MIT"
    },
    "node_modules/@types/redis": {
      "version": "4.0.11",
      "resolved": "https://npm.k8s.pedidopago.com.br/@types%2fredis/-/redis-4.0.11.tgz",
      "integrity": "sha512-bI+gth8La8Wg/QCR1+V1fhrL9+LZUSWfcqpOj2Kc80ZQ4ffbdL173vQd5wovmoV9i071FU9oP2g6etLuEwb6Rg==",
      "deprecated": "This is a stub types definition. redis provides its own type definitions, so you do not need this installed.",
      "license": "MIT",
      "dependencies": {
        "redis": "*"
      }
    },
    "node_modules/denque": {
      "version": "1.5.1",
      "resolved": "https://npm.k8s.pedidopago.com.br/denque/-/denque-1.5.1.tgz",
      "integrity": "sha512-XwE+iZ4D6ZUB7mfYRMb5wByE8L74HCn30FBN7sWnXksWc1LO1bPDl67pBR9o/kC4z/xSNAwkMYcGgqDV3BE3Hw==",
      "license": "Apache-2.0",
      "engines": {
        "node": ">=0.10"
      }
    },
    "node_modules/handy-redis": {
      "version": "2.3.1",
      "resolved": "https://npm.k8s.pedidopago.com.br/handy-redis/-/handy-redis-2.3.1.tgz",
      "integrity": "sha512-ilZYZ4l9+BSxavnjzSbI0yNpM8wfuEP8wAjsPAoL5ThfcCEswN7EpuSCJ4PfRpuGvxRRrivjSImbqpM9NkDB7w==",
      "license": "ISC",
      "dependencies": {
        "@types/redis": "^2.8.30"
      },
      "engines": {
        "node": ">= 10.0.0"
      }
    },
    "node_modules/handy-redis/node_modules/@types/redis": {
      "version": "2.8.32",
      "resolved": "https://npm.k8s.pedidopago.com.br/@types%2fredis/-/redis-2.8.32.tgz",
      "integrity": "sha512-7jkMKxcGq9p242exlbsVzuJb57KqHRhNl4dHoQu2Y5v9bCAbtIXXH0R3HleSQW4CTOqpHIYUW3t6tpUj4BVQ+w==",
      "license": "MIT",
      "dependencies": {
        "@types/node": "*"
      }
    },
    "node_modules/redis": {
      "version": "3.1.2",
      "resolved": "https://npm.k8s.pedidopago.com.br/redis/-/redis-3.1.2.tgz",
      "integrity": "sha512-grn5KoZLr/qrRQVwoSkmzdbw6pwF+/rwODtrOr6vuBRiR/f3rjSTGupbF90Zpqm2oenix8Do6RV7pYEkGwlKkw==",
      "license": "MIT",
      "dependencies": {
        "denque": "^1.5.0",
        "redis-commands": "^1.7.0",
        "redis-errors": "^1.2.0",
        "redis-parser": "^3.0.0"
      },
      "engines": {
        "node": ">=10"
      },
      "funding": {
        "type": "opencollective",
        "url": "https://opencollective.com/node-redis"
      }
    },
    "node_modules/redis-commands": {
      "version": "1.7.0",
      "resolved": "https://npm.k8s.pedidopago.com.br/redis-commands/-/redis-commands-1.7.0.tgz",
      "integrity": "sha512-nJWqw3bTFy21hX/CPKHth6sfhZbdiHP6bTawSgQBlKOVRG7EZkfHbbHwQJnrE4vsQf0CMNE+3gJ4Fmm16vdVlQ==",
      "license": "MIT"
    },
    "node_modules/redis-errors": {
      "version": "1.2.0",
      "resolved": "https://npm.k8s.pedidopago.com.br/redis-errors/-/redis-errors-1.2.0.tgz",
      "integrity": "sha1-62LSrbFeTq9GEMBK/hUpOEJQq60=",
      "license": "MIT",
      "engines": {
        "node": ">=4"
      }
    },
    "node_modules/redis-parser": {
      "version": "3.0.0",
      "resolved": "https://npm.k8s.pedidopago.com.br/redis-parser/-/redis-parser-3.0.0.tgz",
      "integrity": "sha1-tm2CjNyv5rS4pCin3vTGvKwxyLQ=",
      "license": "MIT",
      "dependencies": {
        "redis-errors": "^1.0.0"
      },
      "engines": {
        "node": ">=4"
      }
    },
    "node_modules/typescript": {
      "version": "4.5.4",
      "resolved": "https://npm.k8s.pedidopago.com.br/typescript/-/typescript-4.5.4.tgz",
      "integrity": "sha512-VgYs2A2QIRuGphtzFV7aQJduJ2gyfTljngLzjpfW9FoYZF6xuw1W0vW9ghCKLfcWrCFxK81CSGRAvS1pn4fIUg==",
      "dev": true,
      "license": "Apache-2.0",
      "bin": {
        "tsc": "bin/tsc",
        "tsserver": "bin/tsserver"
      },
      "engines": {
        "node": ">=4.2.0"
      }
    }
  },
  "dependencies": {
    "@types/node": {
      "version": "17.0.8",
      "resolved": "https://npm.k8s.pedidopago.com.br/@types%2fnode/-/node-17.0.8.tgz",
      "integrity": "sha512-YofkM6fGv4gDJq78g4j0mMuGMkZVxZDgtU0JRdx6FgiJDG+0fY0GKVolOV8WqVmEhLCXkQRjwDdKyPxJp/uucg=="
    },
    "@types/redis": {
      "version": "4.0.11",
      "resolved": "https://npm.k8s.pedidopago.com.br/@types%2fredis/-/redis-4.0.11.tgz",
      "integrity": "sha512-bI+gth8La8Wg/QCR1+V1fhrL9+LZUSWfcqpOj2Kc80ZQ4ffbdL173vQd5wovmoV9i071FU9oP2g6etLuEwb6Rg==",
      "requires": {
        "redis": "*"
      }
    },
    "denque": {
      "version": "1.5.1",
      "resolved": "https://npm.k8s.pedidopago.com.br/denque/-/denque-1.5.1.tgz",
      "integrity": "sha512-XwE+iZ4D6ZUB7mfYRMb5wByE8L74HCn30FBN7sWnXksWc1LO1bPDl67pBR9o/kC4z/xSNAwkMYcGgqDV3BE3Hw=="
    },
    "handy-redis": {
      "version": "2.3.1",
      "resolved": "https://npm.k8s.pedidopago.com.br/handy-redis/-/handy-redis-2.3.1.tgz",
      "integrity": "sha512-ilZYZ4l9+BSxavnjzSbI0yNpM8wfuEP8wAjsPAoL5ThfcCEswN7EpuSCJ4PfRpuGvxRRrivjSImbqpM9NkDB7w==",
      "requires": {
        "@types/redis": "^2.8.30"
      },
      "dependencies": {
        "@types/redis": {
          "version": "2.8.32",
          "resolved": "https://npm.k8s.pedidopago.com.br/@types%2fredis/-/redis-2.8.32.tgz",
          "integrity": "sha512-7jkMKxcGq9p242exlbsVzuJb57KqHRhNl4dHoQu2Y5v9bCAbtIXXH0R3HleSQW4CTOqpHIYUW3t6tpUj4BVQ+w==",
          "requires": {
            "@types/node": "*"
          }
        }
      }
    },
    "redis": {
      "version": "3.1.2",
      "resolved": "https://npm.k8s.pedidopago.com.br/redis/-/redis-3.1.2.tgz",
      "integrity": "sha512-grn5KoZLr/qrRQVwoSkmzdbw6pwF+/rwODtrOr6vuBRiR/f3rjSTGupbF90Zpqm2oenix8Do6RV7pYEkGwlKkw==",
      "requires": {
        "denque": "^1.5.0",
        "redis-commands": "^1.7.0",
        "redis-errors": "^1.2.0",
        "redis-parser": "^3.0.0"
      }
    },
    "redis-commands": {
      "version": "1.7.0",
      "resolved": "https://npm.k8s.pedidopago.com.br/redis-commands/-/redis-commands-1.7.0.tgz",
      "integrity": "sha512-nJWqw3bTFy21hX/CPKHth6sfhZbdiHP6bTawSgQBlKOVRG7EZkfHbbHwQJnrE4vsQf0CMNE+3gJ4Fmm16vdVlQ=="
    },
    "redis-errors": {
      "version": "1.2.0",
      "resolved": "https://npm.k8s.pedidopago.com.br/redis-errors/-/redis-errors-1.2.0.tgz",
      "integrity": "sha1-62LSrbFeTq9GEMBK/hUpOEJQq60="
    },
    "redis-parser": {
      "version": "3.0.0",
      "resolved": "https://npm.k8s.pedidopago.com.br/redis-parser/-/redis-parser-3.0.0.tgz",
      "integrity": "sha1-tm2CjNyv5rS4pCin3vTGvKwxyLQ=",
      "requires": {
        "redis-errors": "^1.0.0"
      }
    },
    "typescript": {
      "version": "4.5.4",
      "resolved": "https://npm.k8s.pedidopago.com.br/typescript/-/typescript-4.5.4.tgz",
      "integrity": "sha512-VgYs2A2QIRuGphtzFV7aQJduJ2gyfTljngLzjpfW9FoYZF6xuw1W0vW9ghCKLfcWrCFxK81CSGRAvS1pn4fIUg==",
      "dev": true
    }
  }
}
